
Microsoft Visual Studio Solution File, Format Version 12.00
# Visual Studio Version 17
VisualStudioVersion = 17.1.32210.238
MinimumVisualStudioVersion = 10.0.40219.1
Project("{FAE04EC0-301F-11D3-BF4B-00C04F79EFBC}") = "HW_7", "HW_7\HW_7.csproj", "{045AB4AD-490D-438A-A241-1485F4388C91}"
EndProject
Global
	GlobalSection(SolutionConfigurationPlatforms) = preSolution
		Debug|Any CPU = Debug|Any CPU
		Release|Any CPU = Release|Any CPU
	EndGlobalSection
	GlobalSection(ProjectConfigurationPlatforms) = postSolution
		{045AB4AD-490D-438A-A241-1485F4388C91}.Debug|Any CPU.ActiveCfg = Debug|Any CPU
		{045AB4AD-490D-438A-A241-1485F4388C91}.Debug|Any CPU.Build.0 = Debug|Any CPU
		{045AB4AD-490D-438A-A241-1485F4388C91}.Release|Any CPU.ActiveCfg = Release|Any CPU
		{045AB4AD-490D-438A-A241-1485F4388C91}.Release|Any CPU.Build.0 = Release|Any CPU
	EndGlobalSection
	GlobalSection(SolutionProperties) = preSolution
		HideSolutionNode = FALSE
	EndGlobalSection
	GlobalSection(ExtensibilityGlobals) = postSolution
		SolutionGuid = {D4037C1D-18D2-4C50-8611-0AEE435E6677}
	EndGlobalSection
EndGlobal
